// !$*UTF8*$!
{
	archiveVersion = 1;
	classes = {
	};
	objectVersion = 55;
	objects = {

/* Begin PBXBuildFile section */
		1A26297E299D2BEE004FB552 /* AppDelegate.swift in Sources */ = {isa = PBXBuildFile; fileRef = 1A26297D299D2BEE004FB552 /* AppDelegate.swift */; };
		1A262980299D2BEE004FB552 /* SceneDelegate.swift in Sources */ = {isa = PBXBuildFile; fileRef = 1A26297F299D2BEE004FB552 /* SceneDelegate.swift */; };
		1A262982299D2BEE004FB552 /* ViewController.swift in Sources */ = {isa = PBXBuildFile; fileRef = 1A262981299D2BEE004FB552 /* ViewController.swift */; };
		1A262987299D2BF0004FB552 /* Assets.xcassets in Resources */ = {isa = PBXBuildFile; fileRef = 1A262986299D2BF0004FB552 /* Assets.xcassets */; };
		1A26298A299D2BF0004FB552 /* LaunchScreen.storyboard in Resources */ = {isa = PBXBuildFile; fileRef = 1A262988299D2BF0004FB552 /* LaunchScreen.storyboard */; };
		1A262998299F6ECD004FB552 /* SnapKit in Frameworks */ = {isa = PBXBuildFile; productRef = 1A262997299F6ECD004FB552 /* SnapKit */; };
		1A26299B29A01888004FB552 /* CollectionViewPagingLayout in Frameworks */ = {isa = PBXBuildFile; productRef = 1A26299A29A01888004FB552 /* CollectionViewPagingLayout */; };
		1A26299E29A01939004FB552 /* HeroCellViewModel.swift in Sources */ = {isa = PBXBuildFile; fileRef = 1A26299D29A01939004FB552 /* HeroCellViewModel.swift */; };
		1A2629A029A01AC4004FB552 /* HeroesCollectionViewCell.swift in Sources */ = {isa = PBXBuildFile; fileRef = 1A26299F29A01AC4004FB552 /* HeroesCollectionViewCell.swift */; };
		1A2629A229A23D13004FB552 /* HeroListModel.swift in Sources */ = {isa = PBXBuildFile; fileRef = 1A2629A129A23D13004FB552 /* HeroListModel.swift */; };
		1A2629A529A23DDB004FB552 /* HeroesViewModel.swift in Sources */ = {isa = PBXBuildFile; fileRef = 1A2629A429A23DDB004FB552 /* HeroesViewModel.swift */; };
		1AA7607729D4701C001B4239 /* GradientView.swift in Sources */ = {isa = PBXBuildFile; fileRef = 1AA7607629D4701C001B4239 /* GradientView.swift */; };
		1AA7607929D5B748001B4239 /* LoadingView.swift in Sources */ = {isa = PBXBuildFile; fileRef = 1AA7607829D5B748001B4239 /* LoadingView.swift */; };
		1AA7607E29E7092A001B4239 /* DataBaseModels.swift in Sources */ = {isa = PBXBuildFile; fileRef = 1AA7607D29E7092A001B4239 /* DataBaseModels.swift */; };
		1AA7608629E71559001B4239 /* Realm in Frameworks */ = {isa = PBXBuildFile; productRef = 1AA7608529E71559001B4239 /* Realm */; };
		1AA7608829E71559001B4239 /* RealmSwift in Frameworks */ = {isa = PBXBuildFile; productRef = 1AA7608729E71559001B4239 /* RealmSwift */; };
		1AA7608A29E71E63001B4239 /* DBManager.swift in Sources */ = {isa = PBXBuildFile; fileRef = 1AA7608929E71E63001B4239 /* DBManager.swift */; };
		1AA7608C29E819D7001B4239 /* HeroModel.swift in Sources */ = {isa = PBXBuildFile; fileRef = 1AA7608B29E819D7001B4239 /* HeroModel.swift */; };
		1AF07EE229AF719100E972D7 /* TriangleView.swift in Sources */ = {isa = PBXBuildFile; fileRef = 1AF07EE129AF719100E972D7 /* TriangleView.swift */; };
		1AF07EE429B0FD7400E972D7 /* DetailPageController.swift in Sources */ = {isa = PBXBuildFile; fileRef = 1AF07EE329B0FD7400E972D7 /* DetailPageController.swift */; };
		1AF07EE629B1209F00E972D7 /* DetailPageViewModel.swift in Sources */ = {isa = PBXBuildFile; fileRef = 1AF07EE529B1209F00E972D7 /* DetailPageViewModel.swift */; };
		1AF07EE929B288D100E972D7 /* Kingfisher in Frameworks */ = {isa = PBXBuildFile; productRef = 1AF07EE829B288D100E972D7 /* Kingfisher */; };
		1AF07EEC29BF579300E972D7 /* Alamofire in Frameworks */ = {isa = PBXBuildFile; productRef = 1AF07EEB29BF579300E972D7 /* Alamofire */; };
		1AF07EEE29BF68FC00E972D7 /* APIManager.swift in Sources */ = {isa = PBXBuildFile; fileRef = 1AF07EED29BF68FC00E972D7 /* APIManager.swift */; };
		1AF07EF529C2579A00E972D7 /* Extensions.swift in Sources */ = {isa = PBXBuildFile; fileRef = 1AF07EF429C2579A00E972D7 /* Extensions.swift */; };
		1AF07EF829C8941F00E972D7 /* HorizontalPaginationManager.swift in Sources */ = {isa = PBXBuildFile; fileRef = 1AF07EF729C8941F00E972D7 /* HorizontalPaginationManager.swift */; };
/* End PBXBuildFile section */

/* Begin PBXFileReference section */
		1A26297A299D2BEE004FB552 /* Labs.app */ = {isa = PBXFileReference; explicitFileType = wrapper.application; includeInIndex = 0; path = Labs.app; sourceTree = BUILT_PRODUCTS_DIR; };
		1A26297D299D2BEE004FB552 /* AppDelegate.swift */ = {isa = PBXFileReference; lastKnownFileType = sourcecode.swift; path = AppDelegate.swift; sourceTree = "<group>"; };
		1A26297F299D2BEE004FB552 /* SceneDelegate.swift */ = {isa = PBXFileReference; lastKnownFileType = sourcecode.swift; path = SceneDelegate.swift; sourceTree = "<group>"; };
		1A262981299D2BEE004FB552 /* ViewController.swift */ = {isa = PBXFileReference; lastKnownFileType = sourcecode.swift; path = ViewController.swift; sourceTree = "<group>"; };
		1A262986299D2BF0004FB552 /* Assets.xcassets */ = {isa = PBXFileReference; lastKnownFileType = folder.assetcatalog; path = Assets.xcassets; sourceTree = "<group>"; };
		1A262989299D2BF0004FB552 /* Base */ = {isa = PBXFileReference; lastKnownFileType = file.storyboard; name = Base; path = Base.lproj/LaunchScreen.storyboard; sourceTree = "<group>"; };
		1A26298B299D2BF0004FB552 /* Info.plist */ = {isa = PBXFileReference; lastKnownFileType = text.plist.xml; path = Info.plist; sourceTree = "<group>"; };
		1A26299D29A01939004FB552 /* HeroCellViewModel.swift */ = {isa = PBXFileReference; lastKnownFileType = sourcecode.swift; path = HeroCellViewModel.swift; sourceTree = "<group>"; };
		1A26299F29A01AC4004FB552 /* HeroesCollectionViewCell.swift */ = {isa = PBXFileReference; lastKnownFileType = sourcecode.swift; path = HeroesCollectionViewCell.swift; sourceTree = "<group>"; };
		1A2629A129A23D13004FB552 /* HeroListModel.swift */ = {isa = PBXFileReference; lastKnownFileType = sourcecode.swift; path = HeroListModel.swift; sourceTree = "<group>"; };
		1A2629A429A23DDB004FB552 /* HeroesViewModel.swift */ = {isa = PBXFileReference; lastKnownFileType = sourcecode.swift; path = HeroesViewModel.swift; sourceTree = "<group>"; };
		1AA7607629D4701C001B4239 /* GradientView.swift */ = {isa = PBXFileReference; lastKnownFileType = sourcecode.swift; path = GradientView.swift; sourceTree = "<group>"; };
		1AA7607829D5B748001B4239 /* LoadingView.swift */ = {isa = PBXFileReference; lastKnownFileType = sourcecode.swift; path = LoadingView.swift; sourceTree = "<group>"; };
		1AA7607D29E7092A001B4239 /* DataBaseModels.swift */ = {isa = PBXFileReference; lastKnownFileType = sourcecode.swift; path = DataBaseModels.swift; sourceTree = "<group>"; };
		1AA7608929E71E63001B4239 /* DBManager.swift */ = {isa = PBXFileReference; lastKnownFileType = sourcecode.swift; path = DBManager.swift; sourceTree = "<group>"; };
		1AA7608B29E819D7001B4239 /* HeroModel.swift */ = {isa = PBXFileReference; lastKnownFileType = sourcecode.swift; path = HeroModel.swift; sourceTree = "<group>"; };
		1AF07EE129AF719100E972D7 /* TriangleView.swift */ = {isa = PBXFileReference; lastKnownFileType = sourcecode.swift; path = TriangleView.swift; sourceTree = "<group>"; };
		1AF07EE329B0FD7400E972D7 /* DetailPageController.swift */ = {isa = PBXFileReference; lastKnownFileType = sourcecode.swift; path = DetailPageController.swift; sourceTree = "<group>"; };
		1AF07EE529B1209F00E972D7 /* DetailPageViewModel.swift */ = {isa = PBXFileReference; lastKnownFileType = sourcecode.swift; path = DetailPageViewModel.swift; sourceTree = "<group>"; };
		1AF07EED29BF68FC00E972D7 /* APIManager.swift */ = {isa = PBXFileReference; lastKnownFileType = sourcecode.swift; path = APIManager.swift; sourceTree = "<group>"; };
		1AF07EF429C2579A00E972D7 /* Extensions.swift */ = {isa = PBXFileReference; lastKnownFileType = sourcecode.swift; path = Extensions.swift; sourceTree = "<group>"; };
		1AF07EF729C8941F00E972D7 /* HorizontalPaginationManager.swift */ = {isa = PBXFileReference; lastKnownFileType = sourcecode.swift; path = HorizontalPaginationManager.swift; sourceTree = "<group>"; };
/* End PBXFileReference section */

/* Begin PBXFrameworksBuildPhase section */
		1A262977299D2BEE004FB552 /* Frameworks */ = {
			isa = PBXFrameworksBuildPhase;
			buildActionMask = 2147483647;
			files = (
				1AA7608829E71559001B4239 /* RealmSwift in Frameworks */,
				1AF07EE929B288D100E972D7 /* Kingfisher in Frameworks */,
				1AF07EEC29BF579300E972D7 /* Alamofire in Frameworks */,
				1A262998299F6ECD004FB552 /* SnapKit in Frameworks */,
				1A26299B29A01888004FB552 /* CollectionViewPagingLayout in Frameworks */,
				1AA7608629E71559001B4239 /* Realm in Frameworks */,
			);
			runOnlyForDeploymentPostprocessing = 0;
		};
/* End PBXFrameworksBuildPhase section */

/* Begin PBXGroup section */
		1A262971299D2BEE004FB552 = {
			isa = PBXGroup;
			children = (
				1A26297C299D2BEE004FB552 /* Labs */,
				1A26297B299D2BEE004FB552 /* Products */,
			);
			sourceTree = "<group>";
		};
		1A26297B299D2BEE004FB552 /* Products */ = {
			isa = PBXGroup;
			children = (
				1A26297A299D2BEE004FB552 /* Labs.app */,
			);
			name = Products;
			sourceTree = "<group>";
		};
		1A26297C299D2BEE004FB552 /* Labs */ = {
			isa = PBXGroup;
			children = (
				1AF07EF629C893F300E972D7 /* Managers */,
				1AF07EF329C2576500E972D7 /* Extensions */,
				1AF07EF229C2542F00E972D7 /* ViewControllers */,
				1AF07EF129C253F500E972D7 /* ViewModels */,
				1AF07EE029AF715A00E972D7 /* Views */,
				1A2629A329A23D23004FB552 /* Models */,
				1A26299C29A018DE004FB552 /* Cell */,
				1A26297D299D2BEE004FB552 /* AppDelegate.swift */,
				1A26297F299D2BEE004FB552 /* SceneDelegate.swift */,
				1A262986299D2BF0004FB552 /* Assets.xcassets */,
				1A262988299D2BF0004FB552 /* LaunchScreen.storyboard */,
				1A26298B299D2BF0004FB552 /* Info.plist */,
			);
			path = Labs;
			sourceTree = "<group>";
		};
		1A26299C29A018DE004FB552 /* Cell */ = {
			isa = PBXGroup;
			children = (
				1A26299D29A01939004FB552 /* HeroCellViewModel.swift */,
			);
			path = Cell;
			sourceTree = "<group>";
		};
		1A2629A329A23D23004FB552 /* Models */ = {
			isa = PBXGroup;
			children = (
				1A2629A129A23D13004FB552 /* HeroListModel.swift */,
				1AA7607D29E7092A001B4239 /* DataBaseModels.swift */,
				1AA7608B29E819D7001B4239 /* HeroModel.swift */,
			);
			path = Models;
			sourceTree = "<group>";
		};
		1AF07EE029AF715A00E972D7 /* Views */ = {
			isa = PBXGroup;
			children = (
				1A26299F29A01AC4004FB552 /* HeroesCollectionViewCell.swift */,
				1AF07EE129AF719100E972D7 /* TriangleView.swift */,
				1AA7607629D4701C001B4239 /* GradientView.swift */,
				1AA7607829D5B748001B4239 /* LoadingView.swift */,
			);
			path = Views;
			sourceTree = "<group>";
		};
		1AF07EF129C253F500E972D7 /* ViewModels */ = {
			isa = PBXGroup;
			children = (
				1A2629A429A23DDB004FB552 /* HeroesViewModel.swift */,
				1AF07EE529B1209F00E972D7 /* DetailPageViewModel.swift */,
			);
			path = ViewModels;
			sourceTree = "<group>";
		};
		1AF07EF229C2542F00E972D7 /* ViewControllers */ = {
			isa = PBXGroup;
			children = (
				1AF07EE329B0FD7400E972D7 /* DetailPageController.swift */,
				1A262981299D2BEE004FB552 /* ViewController.swift */,
			);
			path = ViewControllers;
			sourceTree = "<group>";
		};
		1AF07EF329C2576500E972D7 /* Extensions */ = {
			isa = PBXGroup;
			children = (
				1AF07EF429C2579A00E972D7 /* Extensions.swift */,
			);
			path = Extensions;
			sourceTree = "<group>";
		};
		1AF07EF629C893F300E972D7 /* Managers */ = {
			isa = PBXGroup;
			children = (
				1AF07EF729C8941F00E972D7 /* HorizontalPaginationManager.swift */,
				1AF07EED29BF68FC00E972D7 /* APIManager.swift */,
				1AA7608929E71E63001B4239 /* DBManager.swift */,
			);
			path = Managers;
			sourceTree = "<group>";
		};
/* End PBXGroup section */

/* Begin PBXNativeTarget section */
		1A262979299D2BEE004FB552 /* Labs */ = {
			isa = PBXNativeTarget;
			buildConfigurationList = 1A26298E299D2BF0004FB552 /* Build configuration list for PBXNativeTarget "Labs" */;
			buildPhases = (
				1A262976299D2BEE004FB552 /* Sources */,
				1A262977299D2BEE004FB552 /* Frameworks */,
				1A262978299D2BEE004FB552 /* Resources */,
			);
			buildRules = (
			);
			dependencies = (
			);
			name = Labs;
			packageProductDependencies = (
				1A262997299F6ECD004FB552 /* SnapKit */,
				1A26299A29A01888004FB552 /* CollectionViewPagingLayout */,
				1AF07EE829B288D100E972D7 /* Kingfisher */,
				1AF07EEB29BF579300E972D7 /* Alamofire */,
				1AA7608529E71559001B4239 /* Realm */,
				1AA7608729E71559001B4239 /* RealmSwift */,
			);
			productName = Labs;
			productReference = 1A26297A299D2BEE004FB552 /* Labs.app */;
			productType = "com.apple.product-type.application";
		};
/* End PBXNativeTarget section */

/* Begin PBXProject section */
		1A262972299D2BEE004FB552 /* Project object */ = {
			isa = PBXProject;
			attributes = {
				BuildIndependentTargetsInParallel = 1;
				LastSwiftUpdateCheck = 1320;
				LastUpgradeCheck = 1320;
				TargetAttributes = {
					1A262979299D2BEE004FB552 = {
						CreatedOnToolsVersion = 13.2.1;
					};
				};
			};
			buildConfigurationList = 1A262975299D2BEE004FB552 /* Build configuration list for PBXProject "Labs" */;
			compatibilityVersion = "Xcode 13.0";
			developmentRegion = en;
			hasScannedForEncodings = 0;
			knownRegions = (
				en,
				Base,
			);
			mainGroup = 1A262971299D2BEE004FB552;
			packageReferences = (
				1A262996299F6ECD004FB552 /* XCRemoteSwiftPackageReference "SnapKit" */,
				1A26299929A01888004FB552 /* XCRemoteSwiftPackageReference "CollectionViewPagingLayout" */,
				1AF07EE729B288D100E972D7 /* XCRemoteSwiftPackageReference "Kingfisher" */,
				1AF07EEA29BF579300E972D7 /* XCRemoteSwiftPackageReference "Alamofire" */,
				1AA7608429E71559001B4239 /* XCRemoteSwiftPackageReference "realm-swift" */,
			);
			productRefGroup = 1A26297B299D2BEE004FB552 /* Products */;
			projectDirPath = "";
			projectRoot = "";
			targets = (
				1A262979299D2BEE004FB552 /* Labs */,
			);
		};
/* End PBXProject section */

/* Begin PBXResourcesBuildPhase section */
		1A262978299D2BEE004FB552 /* Resources */ = {
			isa = PBXResourcesBuildPhase;
			buildActionMask = 2147483647;
			files = (
				1A26298A299D2BF0004FB552 /* LaunchScreen.storyboard in Resources */,
				1A262987299D2BF0004FB552 /* Assets.xcassets in Resources */,
			);
			runOnlyForDeploymentPostprocessing = 0;
		};
/* End PBXResourcesBuildPhase section */

/* Begin PBXSourcesBuildPhase section */
		1A262976299D2BEE004FB552 /* Sources */ = {
			isa = PBXSourcesBuildPhase;
			buildActionMask = 2147483647;
			files = (
				1AA7608C29E819D7001B4239 /* HeroModel.swift in Sources */,
				1AF07EEE29BF68FC00E972D7 /* APIManager.swift in Sources */,
				1AF07EE629B1209F00E972D7 /* DetailPageViewModel.swift in Sources */,
				1AA7607729D4701C001B4239 /* GradientView.swift in Sources */,
				1A26299E29A01939004FB552 /* HeroCellViewModel.swift in Sources */,
				1A262982299D2BEE004FB552 /* ViewController.swift in Sources */,
				1AA7607929D5B748001B4239 /* LoadingView.swift in Sources */,
				1A2629A029A01AC4004FB552 /* HeroesCollectionViewCell.swift in Sources */,
				1A26297E299D2BEE004FB552 /* AppDelegate.swift in Sources */,
				1A262980299D2BEE004FB552 /* SceneDelegate.swift in Sources */,
				1AF07EF529C2579A00E972D7 /* Extensions.swift in Sources */,
				1AF07EF829C8941F00E972D7 /* HorizontalPaginationManager.swift in Sources */,
				1AF07EE429B0FD7400E972D7 /* DetailPageController.swift in Sources */,
				1AA7608A29E71E63001B4239 /* DBManager.swift in Sources */,
				1A2629A229A23D13004FB552 /* HeroListModel.swift in Sources */,
				1AF07EE229AF719100E972D7 /* TriangleView.swift in Sources */,
				1A2629A529A23DDB004FB552 /* HeroesViewModel.swift in Sources */,
				1AA7607E29E7092A001B4239 /* DataBaseModels.swift in Sources */,
			);
			runOnlyForDeploymentPostprocessing = 0;
		};
/* End PBXSourcesBuildPhase section */

/* Begin PBXVariantGroup section */
		1A262988299D2BF0004FB552 /* LaunchScreen.storyboard */ = {
			isa = PBXVariantGroup;
			children = (
				1A262989299D2BF0004FB552 /* Base */,
			);
			name = LaunchScreen.storyboard;
			sourceTree = "<group>";
		};
/* End PBXVariantGroup section */

/* Begin XCBuildConfiguration section */
		1A26298C299D2BF0004FB552 /* Debug */ = {
			isa = XCBuildConfiguration;
			buildSettings = {
				ALWAYS_SEARCH_USER_PATHS = NO;
				CLANG_ANALYZER_NONNULL = YES;
				CLANG_ANALYZER_NUMBER_OBJECT_CONVERSION = YES_AGGRESSIVE;
				CLANG_CXX_LANGUAGE_STANDARD = "gnu++17";
				CLANG_CXX_LIBRARY = "libc++";
				CLANG_ENABLE_MODULES = YES;
				CLANG_ENABLE_OBJC_ARC = YES;
				CLANG_ENABLE_OBJC_WEAK = YES;
				CLANG_WARN_BLOCK_CAPTURE_AUTORELEASING = YES;
				CLANG_WARN_BOOL_CONVERSION = YES;
				CLANG_WARN_COMMA = YES;
				CLANG_WARN_CONSTANT_CONVERSION = YES;
				CLANG_WARN_DEPRECATED_OBJC_IMPLEMENTATIONS = YES;
				CLANG_WARN_DIRECT_OBJC_ISA_USAGE = YES_ERROR;
				CLANG_WARN_DOCUMENTATION_COMMENTS = YES;
				CLANG_WARN_EMPTY_BODY = YES;
				CLANG_WARN_ENUM_CONVERSION = YES;
				CLANG_WARN_INFINITE_RECURSION = YES;
				CLANG_WARN_INT_CONVERSION = YES;
				CLANG_WARN_NON_LITERAL_NULL_CONVERSION = YES;
				CLANG_WARN_OBJC_IMPLICIT_RETAIN_SELF = YES;
				CLANG_WARN_OBJC_LITERAL_CONVERSION = YES;
				CLANG_WARN_OBJC_ROOT_CLASS = YES_ERROR;
				CLANG_WARN_QUOTED_INCLUDE_IN_FRAMEWORK_HEADER = YES;
				CLANG_WARN_RANGE_LOOP_ANALYSIS = YES;
				CLANG_WARN_STRICT_PROTOTYPES = YES;
				CLANG_WARN_SUSPICIOUS_MOVE = YES;
				CLANG_WARN_UNGUARDED_AVAILABILITY = YES_AGGRESSIVE;
				CLANG_WARN_UNREACHABLE_CODE = YES;
				CLANG_WARN__DUPLICATE_METHOD_MATCH = YES;
				COPY_PHASE_STRIP = NO;
				DEBUG_INFORMATION_FORMAT = dwarf;
				ENABLE_STRICT_OBJC_MSGSEND = YES;
				ENABLE_TESTABILITY = YES;
				GCC_C_LANGUAGE_STANDARD = gnu11;
				GCC_DYNAMIC_NO_PIC = NO;
				GCC_NO_COMMON_BLOCKS = YES;
				GCC_OPTIMIZATION_LEVEL = 0;
				GCC_PREPROCESSOR_DEFINITIONS = (
					"DEBUG=1",
					"$(inherited)",
				);
				GCC_WARN_64_TO_32_BIT_CONVERSION = YES;
				GCC_WARN_ABOUT_RETURN_TYPE = YES_ERROR;
				GCC_WARN_UNDECLARED_SELECTOR = YES;
				GCC_WARN_UNINITIALIZED_AUTOS = YES_AGGRESSIVE;
				GCC_WARN_UNUSED_FUNCTION = YES;
				GCC_WARN_UNUSED_VARIABLE = YES;
				IPHONEOS_DEPLOYMENT_TARGET = 15.2;
				MTL_ENABLE_DEBUG_INFO = INCLUDE_SOURCE;
				MTL_FAST_MATH = YES;
				ONLY_ACTIVE_ARCH = YES;
				SDKROOT = iphoneos;
				SWIFT_ACTIVE_COMPILATION_CONDITIONS = DEBUG;
				SWIFT_OPTIMIZATION_LEVEL = "-Onone";
			};
			name = Debug;
		};
		1A26298D299D2BF0004FB552 /* Release */ = {
			isa = XCBuildConfiguration;
			buildSettings = {
				ALWAYS_SEARCH_USER_PATHS = NO;
				CLANG_ANALYZER_NONNULL = YES;
				CLANG_ANALYZER_NUMBER_OBJECT_CONVERSION = YES_AGGRESSIVE;
				CLANG_CXX_LANGUAGE_STANDARD = "gnu++17";
				CLANG_CXX_LIBRARY = "libc++";
				CLANG_ENABLE_MODULES = YES;
				CLANG_ENABLE_OBJC_ARC = YES;
				CLANG_ENABLE_OBJC_WEAK = YES;
				CLANG_WARN_BLOCK_CAPTURE_AUTORELEASING = YES;
				CLANG_WARN_BOOL_CONVERSION = YES;
				CLANG_WARN_COMMA = YES;
				CLANG_WARN_CONSTANT_CONVERSION = YES;
				CLANG_WARN_DEPRECATED_OBJC_IMPLEMENTATIONS = YES;
				CLANG_WARN_DIRECT_OBJC_ISA_USAGE = YES_ERROR;
				CLANG_WARN_DOCUMENTATION_COMMENTS = YES;
				CLANG_WARN_EMPTY_BODY = YES;
				CLANG_WARN_ENUM_CONVERSION = YES;
				CLANG_WARN_INFINITE_RECURSION = YES;
				CLANG_WARN_INT_CONVERSION = YES;
				CLANG_WARN_NON_LITERAL_NULL_CONVERSION = YES;
				CLANG_WARN_OBJC_IMPLICIT_RETAIN_SELF = YES;
				CLANG_WARN_OBJC_LITERAL_CONVERSION = YES;
				CLANG_WARN_OBJC_ROOT_CLASS = YES_ERROR;
				CLANG_WARN_QUOTED_INCLUDE_IN_FRAMEWORK_HEADER = YES;
				CLANG_WARN_RANGE_LOOP_ANALYSIS = YES;
				CLANG_WARN_STRICT_PROTOTYPES = YES;
				CLANG_WARN_SUSPICIOUS_MOVE = YES;
				CLANG_WARN_UNGUARDED_AVAILABILITY = YES_AGGRESSIVE;
				CLANG_WARN_UNREACHABLE_CODE = YES;
				CLANG_WARN__DUPLICATE_METHOD_MATCH = YES;
				COPY_PHASE_STRIP = NO;
				DEBUG_INFORMATION_FORMAT = "dwarf-with-dsym";
				ENABLE_NS_ASSERTIONS = NO;
				ENABLE_STRICT_OBJC_MSGSEND = YES;
				GCC_C_LANGUAGE_STANDARD = gnu11;
				GCC_NO_COMMON_BLOCKS = YES;
				GCC_WARN_64_TO_32_BIT_CONVERSION = YES;
				GCC_WARN_ABOUT_RETURN_TYPE = YES_ERROR;
				GCC_WARN_UNDECLARED_SELECTOR = YES;
				GCC_WARN_UNINITIALIZED_AUTOS = YES_AGGRESSIVE;
				GCC_WARN_UNUSED_FUNCTION = YES;
				GCC_WARN_UNUSED_VARIABLE = YES;
				IPHONEOS_DEPLOYMENT_TARGET = 15.2;
				MTL_ENABLE_DEBUG_INFO = NO;
				MTL_FAST_MATH = YES;
				SDKROOT = iphoneos;
				SWIFT_COMPILATION_MODE = wholemodule;
				SWIFT_OPTIMIZATION_LEVEL = "-O";
				VALIDATE_PRODUCT = YES;
			};
			name = Release;
		};
		1A26298F299D2BF0004FB552 /* Debug */ = {
			isa = XCBuildConfiguration;
			buildSettings = {
				ASSETCATALOG_COMPILER_APPICON_NAME = AppIcon;
				ASSETCATALOG_COMPILER_GLOBAL_ACCENT_COLOR_NAME = AccentColor;
				CODE_SIGN_STYLE = Automatic;
				CURRENT_PROJECT_VERSION = 1;
				GENERATE_INFOPLIST_FILE = YES;
				INFOPLIST_FILE = Labs/Info.plist;
				INFOPLIST_KEY_UIApplicationSupportsIndirectInputEvents = YES;
				INFOPLIST_KEY_UILaunchStoryboardName = LaunchScreen;
				INFOPLIST_KEY_UISupportedInterfaceOrientations = "UIInterfaceOrientationPortrait UIInterfaceOrientationLandscapeLeft UIInterfaceOrientationLandscapeRight";
				INFOPLIST_KEY_UISupportedInterfaceOrientations_iPad = "UIInterfaceOrientationPortrait UIInterfaceOrientationPortraitUpsideDown UIInterfaceOrientationLandscapeLeft UIInterfaceOrientationLandscapeRight";
				INFOPLIST_KEY_UISupportedInterfaceOrientations_iPhone = "UIInterfaceOrientationPortrait UIInterfaceOrientationLandscapeLeft UIInterfaceOrientationLandscapeRight";
				LD_RUNPATH_SEARCH_PATHS = (
					"$(inherited)",
					"@executable_path/Frameworks",
				);
				MARKETING_VERSION = 1.0;
				PRODUCT_BUNDLE_IDENTIFIER = "-23.Labs";
				PRODUCT_NAME = "$(TARGET_NAME)";
				SWIFT_EMIT_LOC_STRINGS = YES;
				SWIFT_VERSION = 5.0;
				TARGETED_DEVICE_FAMILY = "1,2";
			};
			name = Debug;
		};
		1A262990299D2BF0004FB552 /* Release */ = {
			isa = XCBuildConfiguration;
			buildSettings = {
				ASSETCATALOG_COMPILER_APPICON_NAME = AppIcon;
				ASSETCATALOG_COMPILER_GLOBAL_ACCENT_COLOR_NAME = AccentColor;
				CODE_SIGN_STYLE = Automatic;
				CURRENT_PROJECT_VERSION = 1;
				GENERATE_INFOPLIST_FILE = YES;
				INFOPLIST_FILE = Labs/Info.plist;
				INFOPLIST_KEY_UIApplicationSupportsIndirectInputEvents = YES;
				INFOPLIST_KEY_UILaunchStoryboardName = LaunchScreen;
				INFOPLIST_KEY_UISupportedInterfaceOrientations = "UIInterfaceOrientationPortrait UIInterfaceOrientationLandscapeLeft UIInterfaceOrientationLandscapeRight";
				INFOPLIST_KEY_UISupportedInterfaceOrientations_iPad = "UIInterfaceOrientationPortrait UIInterfaceOrientationPortraitUpsideDown UIInterfaceOrientationLandscapeLeft UIInterfaceOrientationLandscapeRight";
				INFOPLIST_KEY_UISupportedInterfaceOrientations_iPhone = "UIInterfaceOrientationPortrait UIInterfaceOrientationLandscapeLeft UIInterfaceOrientationLandscapeRight";
				LD_RUNPATH_SEARCH_PATHS = (
					"$(inherited)",
					"@executable_path/Frameworks",
				);
				MARKETING_VERSION = 1.0;
				PRODUCT_BUNDLE_IDENTIFIER = "-23.Labs";
				PRODUCT_NAME = "$(TARGET_NAME)";
				SWIFT_EMIT_LOC_STRINGS = YES;
				SWIFT_VERSION = 5.0;
				TARGETED_DEVICE_FAMILY = "1,2";
			};
			name = Release;
		};
/* End XCBuildConfiguration section */

/* Begin XCConfigurationList section */
		1A262975299D2BEE004FB552 /* Build configuration list for PBXProject "Labs" */ = {
			isa = XCConfigurationList;
			buildConfigurations = (
				1A26298C299D2BF0004FB552 /* Debug */,
				1A26298D299D2BF0004FB552 /* Release */,
			);
			defaultConfigurationIsVisible = 0;
			defaultConfigurationName = Release;
		};
		1A26298E299D2BF0004FB552 /* Build configuration list for PBXNativeTarget "Labs" */ = {
			isa = XCConfigurationList;
			buildConfigurations = (
				1A26298F299D2BF0004FB552 /* Debug */,
				1A262990299D2BF0004FB552 /* Release */,
			);
			defaultConfigurationIsVisible = 0;
			defaultConfigurationName = Release;
		};
/* End XCConfigurationList section */

/* Begin XCRemoteSwiftPackageReference section */
		1A262996299F6ECD004FB552 /* XCRemoteSwiftPackageReference "SnapKit" */ = {
			isa = XCRemoteSwiftPackageReference;
			repositoryURL = "https://github.com/SnapKit/SnapKit.git";
			requirement = {
				branch = develop;
				kind = branch;
			};
		};
		1A26299929A01888004FB552 /* XCRemoteSwiftPackageReference "CollectionViewPagingLayout" */ = {
			isa = XCRemoteSwiftPackageReference;
			repositoryURL = "https://github.com/amirdew/CollectionViewPagingLayout";
			requirement = {
				kind = upToNextMajorVersion;
				minimumVersion = 1.0.0;
			};
		};
		1AA7608429E71559001B4239 /* XCRemoteSwiftPackageReference "realm-swift" */ = {
			isa = XCRemoteSwiftPackageReference;
			repositoryURL = "https://github.com/realm/realm-swift.git";
			requirement = {
				kind = exactVersion;
				version = 10.33.0;
			};
		};
		1AF07EE729B288D100E972D7 /* XCRemoteSwiftPackageReference "Kingfisher" */ = {
			isa = XCRemoteSwiftPackageReference;
			repositoryURL = "https://github.com/onevcat/Kingfisher";
			requirement = {
				kind = upToNextMajorVersion;
				minimumVersion = 7.0.0;
			};
		};
		1AF07EEA29BF579300E972D7 /* XCRemoteSwiftPackageReference "Alamofire" */ = {
			isa = XCRemoteSwiftPackageReference;
			repositoryURL = "https://github.com/Alamofire/Alamofire";
			requirement = {
				kind = upToNextMajorVersion;
				minimumVersion = 5.0.0;
			};
		};
/* End XCRemoteSwiftPackageReference section */

/* Begin XCSwiftPackageProductDependency section */
		1A262997299F6ECD004FB552 /* SnapKit */ = {
			isa = XCSwiftPackageProductDependency;
			package = 1A262996299F6ECD004FB552 /* XCRemoteSwiftPackageReference "SnapKit" */;
			productName = SnapKit;
		};
		1A26299A29A01888004FB552 /* CollectionViewPagingLayout */ = {
			isa = XCSwiftPackageProductDependency;
			package = 1A26299929A01888004FB552 /* XCRemoteSwiftPackageReference "CollectionViewPagingLayout" */;
			productName = CollectionViewPagingLayout;
		};
		1AA7608529E71559001B4239 /* Realm */ = {
			isa = XCSwiftPackageProductDependency;
			package = 1AA7608429E71559001B4239 /* XCRemoteSwiftPackageReference "realm-swift" */;
			productName = Realm;
		};
		1AA7608729E71559001B4239 /* RealmSwift */ = {
			isa = XCSwiftPackageProductDependency;
			package = 1AA7608429E71559001B4239 /* XCRemoteSwiftPackageReference "realm-swift" */;
			productName = RealmSwift;
		};
		1AF07EE829B288D100E972D7 /* Kingfisher */ = {
			isa = XCSwiftPackageProductDependency;
			package = 1AF07EE729B288D100E972D7 /* XCRemoteSwiftPackageReference "Kingfisher" */;
			productName = Kingfisher;
		};
		1AF07EEB29BF579300E972D7 /* Alamofire */ = {
			isa = XCSwiftPackageProductDependency;
			package = 1AF07EEA29BF579300E972D7 /* XCRemoteSwiftPackageReference "Alamofire" */;
			productName = Alamofire;
		};
/* End XCSwiftPackageProductDependency section */
	};
	rootObject = 1A262972299D2BEE004FB552 /* Project object */;
}
